// !$*UTF8*$!
{
	archiveVersion = 1;
	classes = {
	};
	objectVersion = 46;
	objects = {

/* Begin PBXBuildFile section */
		9C32A2DE1E5CF8050099ABF6 /* LandingViewController.swift in Sources */ = {isa = PBXBuildFile; fileRef = 9C32A2DC1E5CF8050099ABF6 /* LandingViewController.swift */; };
		9C32A2DF1E5CF8050099ABF6 /* LandingViewController.xib in Resources */ = {isa = PBXBuildFile; fileRef = 9C32A2DD1E5CF8050099ABF6 /* LandingViewController.xib */; };
		9C32A2E31E5D10380099ABF6 /* RoundedRectButton.swift in Sources */ = {isa = PBXBuildFile; fileRef = 9C32A2E21E5D10380099ABF6 /* RoundedRectButton.swift */; };
		9CBB472C1E5E01D300D351AA /* EmailLoginViewController.swift in Sources */ = {isa = PBXBuildFile; fileRef = 9CBB472A1E5E01D300D351AA /* EmailLoginViewController.swift */; };
		9CBB472D1E5E01D300D351AA /* EmailLoginViewController.xib in Resources */ = {isa = PBXBuildFile; fileRef = 9CBB472B1E5E01D300D351AA /* EmailLoginViewController.xib */; };
		9CBB472F1E5E145500D351AA /* OutlinedTextField.swift in Sources */ = {isa = PBXBuildFile; fileRef = 9CBB472E1E5E145500D351AA /* OutlinedTextField.swift */; };
		9CBB47311E5E180700D351AA /* ValidationMethods.swift in Sources */ = {isa = PBXBuildFile; fileRef = 9CBB47301E5E180700D351AA /* ValidationMethods.swift */; };
		9CBB47351E5E1EB300D351AA /* PhoneLoginViewController.swift in Sources */ = {isa = PBXBuildFile; fileRef = 9CBB47331E5E1EB300D351AA /* PhoneLoginViewController.swift */; };
		9CBB47361E5E1EB300D351AA /* PhoneLoginViewController.xib in Resources */ = {isa = PBXBuildFile; fileRef = 9CBB47341E5E1EB300D351AA /* PhoneLoginViewController.xib */; };
		9CBB47391E5E4D3900D351AA /* PhoneVerificationViewController.swift in Sources */ = {isa = PBXBuildFile; fileRef = 9CBB47371E5E4D3900D351AA /* PhoneVerificationViewController.swift */; };
		9CBB473A1E5E4D3900D351AA /* PhoneVerificationViewController.xib in Resources */ = {isa = PBXBuildFile; fileRef = 9CBB47381E5E4D3900D351AA /* PhoneVerificationViewController.xib */; };
		9CE3C2DC1E5CF36B00B7C6A3 /* AppDelegate.swift in Sources */ = {isa = PBXBuildFile; fileRef = 9CE3C2DB1E5CF36B00B7C6A3 /* AppDelegate.swift */; };
		9CE3C2E31E5CF36B00B7C6A3 /* Assets.xcassets in Resources */ = {isa = PBXBuildFile; fileRef = 9CE3C2E21E5CF36B00B7C6A3 /* Assets.xcassets */; };
		9CE3C2E61E5CF36B00B7C6A3 /* LaunchScreen.storyboard in Resources */ = {isa = PBXBuildFile; fileRef = 9CE3C2E41E5CF36B00B7C6A3 /* LaunchScreen.storyboard */; };
		9CE3C2EF1E5CF5EC00B7C6A3 /* MapKit.framework in Frameworks */ = {isa = PBXBuildFile; fileRef = 9CE3C2EE1E5CF5EC00B7C6A3 /* MapKit.framework */; };
/* End PBXBuildFile section */

/* Begin PBXFileReference section */
		9C32A2DC1E5CF8050099ABF6 /* LandingViewController.swift */ = {isa = PBXFileReference; fileEncoding = 4; lastKnownFileType = sourcecode.swift; path = LandingViewController.swift; sourceTree = "<group>"; };
		9C32A2DD1E5CF8050099ABF6 /* LandingViewController.xib */ = {isa = PBXFileReference; fileEncoding = 4; lastKnownFileType = file.xib; path = LandingViewController.xib; sourceTree = "<group>"; };
		9C32A2E21E5D10380099ABF6 /* RoundedRectButton.swift */ = {isa = PBXFileReference; fileEncoding = 4; lastKnownFileType = sourcecode.swift; path = RoundedRectButton.swift; sourceTree = "<group>"; };
		9CBB472A1E5E01D300D351AA /* EmailLoginViewController.swift */ = {isa = PBXFileReference; fileEncoding = 4; lastKnownFileType = sourcecode.swift; path = EmailLoginViewController.swift; sourceTree = "<group>"; };
		9CBB472B1E5E01D300D351AA /* EmailLoginViewController.xib */ = {isa = PBXFileReference; fileEncoding = 4; lastKnownFileType = file.xib; path = EmailLoginViewController.xib; sourceTree = "<group>"; };
		9CBB472E1E5E145500D351AA /* OutlinedTextField.swift */ = {isa = PBXFileReference; fileEncoding = 4; lastKnownFileType = sourcecode.swift; path = OutlinedTextField.swift; sourceTree = "<group>"; };
		9CBB47301E5E180700D351AA /* ValidationMethods.swift */ = {isa = PBXFileReference; fileEncoding = 4; lastKnownFileType = sourcecode.swift; path = ValidationMethods.swift; sourceTree = "<group>"; };
		9CBB47331E5E1EB300D351AA /* PhoneLoginViewController.swift */ = {isa = PBXFileReference; fileEncoding = 4; lastKnownFileType = sourcecode.swift; path = PhoneLoginViewController.swift; sourceTree = "<group>"; };
		9CBB47341E5E1EB300D351AA /* PhoneLoginViewController.xib */ = {isa = PBXFileReference; fileEncoding = 4; lastKnownFileType = file.xib; path = PhoneLoginViewController.xib; sourceTree = "<group>"; };
		9CBB47371E5E4D3900D351AA /* PhoneVerificationViewController.swift */ = {isa = PBXFileReference; fileEncoding = 4; lastKnownFileType = sourcecode.swift; path = PhoneVerificationViewController.swift; sourceTree = "<group>"; };
		9CBB47381E5E4D3900D351AA /* PhoneVerificationViewController.xib */ = {isa = PBXFileReference; fileEncoding = 4; lastKnownFileType = file.xib; path = PhoneVerificationViewController.xib; sourceTree = "<group>"; };
		9CE3C2D81E5CF36B00B7C6A3 /* CaliforniaPrototype.app */ = {isa = PBXFileReference; explicitFileType = wrapper.application; includeInIndex = 0; path = CaliforniaPrototype.app; sourceTree = BUILT_PRODUCTS_DIR; };
		9CE3C2DB1E5CF36B00B7C6A3 /* AppDelegate.swift */ = {isa = PBXFileReference; lastKnownFileType = sourcecode.swift; path = AppDelegate.swift; sourceTree = "<group>"; };
		9CE3C2E21E5CF36B00B7C6A3 /* Assets.xcassets */ = {isa = PBXFileReference; lastKnownFileType = folder.assetcatalog; path = Assets.xcassets; sourceTree = "<group>"; };
		9CE3C2E51E5CF36B00B7C6A3 /* Base */ = {isa = PBXFileReference; lastKnownFileType = file.storyboard; name = Base; path = Base.lproj/LaunchScreen.storyboard; sourceTree = "<group>"; };
		9CE3C2E71E5CF36B00B7C6A3 /* Info.plist */ = {isa = PBXFileReference; lastKnownFileType = text.plist.xml; path = Info.plist; sourceTree = "<group>"; };
		9CE3C2EE1E5CF5EC00B7C6A3 /* MapKit.framework */ = {isa = PBXFileReference; lastKnownFileType = wrapper.framework; name = MapKit.framework; path = System/Library/Frameworks/MapKit.framework; sourceTree = SDKROOT; };
		9CE3C2F01E5CF61800B7C6A3 /* CaliforniaPrototype.entitlements */ = {isa = PBXFileReference; lastKnownFileType = text.plist.entitlements; path = CaliforniaPrototype.entitlements; sourceTree = "<group>"; };
/* End PBXFileReference section */

/* Begin PBXFrameworksBuildPhase section */
		9CE3C2D51E5CF36B00B7C6A3 /* Frameworks */ = {
			isa = PBXFrameworksBuildPhase;
			buildActionMask = 2147483647;
			files = (
				9CE3C2EF1E5CF5EC00B7C6A3 /* MapKit.framework in Frameworks */,
			);
			runOnlyForDeploymentPostprocessing = 0;
		};
/* End PBXFrameworksBuildPhase section */

/* Begin PBXGroup section */
		9C32A2E41E5D105A0099ABF6 /* Custom Views */ = {
			isa = PBXGroup;
			children = (
				9C32A2E21E5D10380099ABF6 /* RoundedRectButton.swift */,
				9CBB472E1E5E145500D351AA /* OutlinedTextField.swift */,
			);
			name = "Custom Views";
			sourceTree = "<group>";
		};
		9CBB47321E5E1C9200D351AA /* Onboarding/Login */ = {
			isa = PBXGroup;
			children = (
				9CBB472A1E5E01D300D351AA /* EmailLoginViewController.swift */,
				9CBB472B1E5E01D300D351AA /* EmailLoginViewController.xib */,
				9CBB47331E5E1EB300D351AA /* PhoneLoginViewController.swift */,
				9CBB47341E5E1EB300D351AA /* PhoneLoginViewController.xib */,
				9CBB47371E5E4D3900D351AA /* PhoneVerificationViewController.swift */,
				9CBB47381E5E4D3900D351AA /* PhoneVerificationViewController.xib */,
			);
			name = Onboarding/Login;
			sourceTree = "<group>";
		};
		9CE3C2CF1E5CF36B00B7C6A3 = {
			isa = PBXGroup;
			children = (
				9CE3C2DA1E5CF36B00B7C6A3 /* CaliforniaPrototype */,
				9CE3C2D91E5CF36B00B7C6A3 /* Products */,
				9CE3C2ED1E5CF5EC00B7C6A3 /* Frameworks */,
			);
			sourceTree = "<group>";
		};
		9CE3C2D91E5CF36B00B7C6A3 /* Products */ = {
			isa = PBXGroup;
			children = (
				9CE3C2D81E5CF36B00B7C6A3 /* CaliforniaPrototype.app */,
			);
			name = Products;
			sourceTree = "<group>";
		};
		9CE3C2DA1E5CF36B00B7C6A3 /* CaliforniaPrototype */ = {
			isa = PBXGroup;
			children = (
				9CE3C2F01E5CF61800B7C6A3 /* CaliforniaPrototype.entitlements */,
				9CE3C2DB1E5CF36B00B7C6A3 /* AppDelegate.swift */,
				9C32A2DC1E5CF8050099ABF6 /* LandingViewController.swift */,
				9C32A2DD1E5CF8050099ABF6 /* LandingViewController.xib */,
				9CBB47321E5E1C9200D351AA /* Onboarding/Login */,
				9CBB47301E5E180700D351AA /* ValidationMethods.swift */,
				9C32A2E41E5D105A0099ABF6 /* Custom Views */,
				9CE3C2E21E5CF36B00B7C6A3 /* Assets.xcassets */,
				9CE3C2E41E5CF36B00B7C6A3 /* LaunchScreen.storyboard */,
				9CE3C2E71E5CF36B00B7C6A3 /* Info.plist */,
			);
			path = CaliforniaPrototype;
			sourceTree = "<group>";
		};
		9CE3C2ED1E5CF5EC00B7C6A3 /* Frameworks */ = {
			isa = PBXGroup;
			children = (
				9CE3C2EE1E5CF5EC00B7C6A3 /* MapKit.framework */,
			);
			name = Frameworks;
			sourceTree = "<group>";
		};
/* End PBXGroup section */

/* Begin PBXNativeTarget section */
		9CE3C2D71E5CF36B00B7C6A3 /* CaliforniaPrototype */ = {
			isa = PBXNativeTarget;
			buildConfigurationList = 9CE3C2EA1E5CF36B00B7C6A3 /* Build configuration list for PBXNativeTarget "CaliforniaPrototype" */;
			buildPhases = (
				9CE3C2D41E5CF36B00B7C6A3 /* Sources */,
				9CE3C2D51E5CF36B00B7C6A3 /* Frameworks */,
				9CE3C2D61E5CF36B00B7C6A3 /* Resources */,
			);
			buildRules = (
			);
			dependencies = (
			);
			name = CaliforniaPrototype;
			productName = CaliforniaPrototype;
			productReference = 9CE3C2D81E5CF36B00B7C6A3 /* CaliforniaPrototype.app */;
			productType = "com.apple.product-type.application";
		};
/* End PBXNativeTarget section */

/* Begin PBXProject section */
		9CE3C2D01E5CF36B00B7C6A3 /* Project object */ = {
			isa = PBXProject;
			attributes = {
				LastSwiftUpdateCheck = 0820;
				LastUpgradeCheck = 0820;
				ORGANIZATIONNAME = HOTB;
				TargetAttributes = {
					9CE3C2D71E5CF36B00B7C6A3 = {
						CreatedOnToolsVersion = 8.2.1;
						DevelopmentTeam = DR7Z4VX726;
						ProvisioningStyle = Automatic;
						SystemCapabilities = {
							com.apple.Maps.iOS = {
								enabled = 1;
							};
							com.apple.Push = {
								enabled = 1;
							};
						};
					};
				};
			};
			buildConfigurationList = 9CE3C2D31E5CF36B00B7C6A3 /* Build configuration list for PBXProject "CaliforniaPrototype" */;
			compatibilityVersion = "Xcode 3.2";
			developmentRegion = English;
			hasScannedForEncodings = 0;
			knownRegions = (
				en,
				Base,
			);
			mainGroup = 9CE3C2CF1E5CF36B00B7C6A3;
			productRefGroup = 9CE3C2D91E5CF36B00B7C6A3 /* Products */;
			projectDirPath = "";
			projectRoot = "";
			targets = (
				9CE3C2D71E5CF36B00B7C6A3 /* CaliforniaPrototype */,
			);
		};
/* End PBXProject section */

/* Begin PBXResourcesBuildPhase section */
		9CE3C2D61E5CF36B00B7C6A3 /* Resources */ = {
			isa = PBXResourcesBuildPhase;
			buildActionMask = 2147483647;
			files = (
				9CBB473A1E5E4D3900D351AA /* PhoneVerificationViewController.xib in Resources */,
				9C32A2DF1E5CF8050099ABF6 /* LandingViewController.xib in Resources */,
				9CBB47361E5E1EB300D351AA /* PhoneLoginViewController.xib in Resources */,
				9CBB472D1E5E01D300D351AA /* EmailLoginViewController.xib in Resources */,
				9CE3C2E61E5CF36B00B7C6A3 /* LaunchScreen.storyboard in Resources */,
				9CE3C2E31E5CF36B00B7C6A3 /* Assets.xcassets in Resources */,
			);
			runOnlyForDeploymentPostprocessing = 0;
		};
/* End PBXResourcesBuildPhase section */

/* Begin PBXSourcesBuildPhase section */
		9CE3C2D41E5CF36B00B7C6A3 /* Sources */ = {
			isa = PBXSourcesBuildPhase;
			buildActionMask = 2147483647;
			files = (
				9C32A2DE1E5CF8050099ABF6 /* LandingViewController.swift in Sources */,
				9CBB472C1E5E01D300D351AA /* EmailLoginViewController.swift in Sources */,
				9CE3C2DC1E5CF36B00B7C6A3 /* AppDelegate.swift in Sources */,
				9CBB47351E5E1EB300D351AA /* PhoneLoginViewController.swift in Sources */,
				9CBB47391E5E4D3900D351AA /* PhoneVerificationViewController.swift in Sources */,
				9CBB47311E5E180700D351AA /* ValidationMethods.swift in Sources */,
				9CBB472F1E5E145500D351AA /* OutlinedTextField.swift in Sources */,
				9C32A2E31E5D10380099ABF6 /* RoundedRectButton.swift in Sources */,
			);
			runOnlyForDeploymentPostprocessing = 0;
		};
/* End PBXSourcesBuildPhase section */

/* Begin PBXVariantGroup section */
		9CE3C2E41E5CF36B00B7C6A3 /* LaunchScreen.storyboard */ = {
			isa = PBXVariantGroup;
			children = (
				9CE3C2E51E5CF36B00B7C6A3 /* Base */,
			);
			name = LaunchScreen.storyboard;
			sourceTree = "<group>";
		};
/* End PBXVariantGroup section */

/* Begin XCBuildConfiguration section */
		9CE3C2E81E5CF36B00B7C6A3 /* Debug */ = {
			isa = XCBuildConfiguration;
			buildSettings = {
				ALWAYS_SEARCH_USER_PATHS = NO;
				CLANG_ANALYZER_NONNULL = YES;
				CLANG_CXX_LANGUAGE_STANDARD = "gnu++0x";
				CLANG_CXX_LIBRARY = "libc++";
				CLANG_ENABLE_MODULES = YES;
				CLANG_ENABLE_OBJC_ARC = YES;
				CLANG_WARN_BOOL_CONVERSION = YES;
				CLANG_WARN_CONSTANT_CONVERSION = YES;
				CLANG_WARN_DIRECT_OBJC_ISA_USAGE = YES_ERROR;
				CLANG_WARN_DOCUMENTATION_COMMENTS = YES;
				CLANG_WARN_EMPTY_BODY = YES;
				CLANG_WARN_ENUM_CONVERSION = YES;
				CLANG_WARN_INFINITE_RECURSION = YES;
				CLANG_WARN_INT_CONVERSION = YES;
				CLANG_WARN_OBJC_ROOT_CLASS = YES_ERROR;
				CLANG_WARN_SUSPICIOUS_MOVE = YES;
				CLANG_WARN_UNREACHABLE_CODE = YES;
				CLANG_WARN__DUPLICATE_METHOD_MATCH = YES;
				"CODE_SIGN_IDENTITY[sdk=iphoneos*]" = "iPhone Developer";
				COPY_PHASE_STRIP = NO;
				DEBUG_INFORMATION_FORMAT = dwarf;
				ENABLE_STRICT_OBJC_MSGSEND = YES;
				ENABLE_TESTABILITY = YES;
				GCC_C_LANGUAGE_STANDARD = gnu99;
				GCC_DYNAMIC_NO_PIC = NO;
				GCC_NO_COMMON_BLOCKS = YES;
				GCC_OPTIMIZATION_LEVEL = 0;
				GCC_PREPROCESSOR_DEFINITIONS = (
					"DEBUG=1",
					"$(inherited)",
				);
				GCC_WARN_64_TO_32_BIT_CONVERSION = YES;
				GCC_WARN_ABOUT_RETURN_TYPE = YES_ERROR;
				GCC_WARN_UNDECLARED_SELECTOR = YES;
				GCC_WARN_UNINITIALIZED_AUTOS = YES_AGGRESSIVE;
				GCC_WARN_UNUSED_FUNCTION = YES;
				GCC_WARN_UNUSED_VARIABLE = YES;
				IPHONEOS_DEPLOYMENT_TARGET = 10.2;
				MTL_ENABLE_DEBUG_INFO = YES;
				ONLY_ACTIVE_ARCH = YES;
				SDKROOT = iphoneos;
				SWIFT_ACTIVE_COMPILATION_CONDITIONS = DEBUG;
				SWIFT_OPTIMIZATION_LEVEL = "-Onone";
			};
			name = Debug;
		};
		9CE3C2E91E5CF36B00B7C6A3 /* Release */ = {
			isa = XCBuildConfiguration;
			buildSettings = {
				ALWAYS_SEARCH_USER_PATHS = NO;
				CLANG_ANALYZER_NONNULL = YES;
				CLANG_CXX_LANGUAGE_STANDARD = "gnu++0x";
				CLANG_CXX_LIBRARY = "libc++";
				CLANG_ENABLE_MODULES = YES;
				CLANG_ENABLE_OBJC_ARC = YES;
				CLANG_WARN_BOOL_CONVERSION = YES;
				CLANG_WARN_CONSTANT_CONVERSION = YES;
				CLANG_WARN_DIRECT_OBJC_ISA_USAGE = YES_ERROR;
				CLANG_WARN_DOCUMENTATION_COMMENTS = YES;
				CLANG_WARN_EMPTY_BODY = YES;
				CLANG_WARN_ENUM_CONVERSION = YES;
				CLANG_WARN_INFINITE_RECURSION = YES;
				CLANG_WARN_INT_CONVERSION = YES;
				CLANG_WARN_OBJC_ROOT_CLASS = YES_ERROR;
				CLANG_WARN_SUSPICIOUS_MOVE = YES;
				CLANG_WARN_UNREACHABLE_CODE = YES;
				CLANG_WARN__DUPLICATE_METHOD_MATCH = YES;
				"CODE_SIGN_IDENTITY[sdk=iphoneos*]" = "iPhone Developer";
				COPY_PHASE_STRIP = NO;
				DEBUG_INFORMATION_FORMAT = "dwarf-with-dsym";
				ENABLE_NS_ASSERTIONS = NO;
				ENABLE_STRICT_OBJC_MSGSEND = YES;
				GCC_C_LANGUAGE_STANDARD = gnu99;
				GCC_NO_COMMON_BLOCKS = YES;
				GCC_WARN_64_TO_32_BIT_CONVERSION = YES;
				GCC_WARN_ABOUT_RETURN_TYPE = YES_ERROR;
				GCC_WARN_UNDECLARED_SELECTOR = YES;
				GCC_WARN_UNINITIALIZED_AUTOS = YES_AGGRESSIVE;
				GCC_WARN_UNUSED_FUNCTION = YES;
				GCC_WARN_UNUSED_VARIABLE = YES;
				IPHONEOS_DEPLOYMENT_TARGET = 10.2;
				MTL_ENABLE_DEBUG_INFO = NO;
				SDKROOT = iphoneos;
				SWIFT_OPTIMIZATION_LEVEL = "-Owholemodule";
				VALIDATE_PRODUCT = YES;
			};
			name = Release;
		};
		9CE3C2EB1E5CF36B00B7C6A3 /* Debug */ = {
			isa = XCBuildConfiguration;
			buildSettings = {
				ASSETCATALOG_COMPILER_APPICON_NAME = AppIcon;
				CODE_SIGN_ENTITLEMENTS = CaliforniaPrototype/CaliforniaPrototype.entitlements;
				DEVELOPMENT_TEAM = DR7Z4VX726;
				INFOPLIST_FILE = CaliforniaPrototype/Info.plist;
				IPHONEOS_DEPLOYMENT_TARGET = 9.3;
				LD_RUNPATH_SEARCH_PATHS = "$(inherited) @executable_path/Frameworks";
				PRODUCT_BUNDLE_IDENTIFIER = com.hotb.californiaprototype;
				PRODUCT_NAME = "$(TARGET_NAME)";
				SWIFT_VERSION = 3.0;
			};
			name = Debug;
		};
		9CE3C2EC1E5CF36B00B7C6A3 /* Release */ = {
			isa = XCBuildConfiguration;
			buildSettings = {
				ASSETCATALOG_COMPILER_APPICON_NAME = AppIcon;
				CODE_SIGN_ENTITLEMENTS = CaliforniaPrototype/CaliforniaPrototype.entitlements;
				DEVELOPMENT_TEAM = DR7Z4VX726;
				INFOPLIST_FILE = CaliforniaPrototype/Info.plist;
				IPHONEOS_DEPLOYMENT_TARGET = 9.3;
				LD_RUNPATH_SEARCH_PATHS = "$(inherited) @executable_path/Frameworks";
				PRODUCT_BUNDLE_IDENTIFIER = com.hotb.californiaprototype;
				PRODUCT_NAME = "$(TARGET_NAME)";
				SWIFT_VERSION = 3.0;
			};
			name = Release;
		};
/* End XCBuildConfiguration section */

/* Begin XCConfigurationList section */
		9CE3C2D31E5CF36B00B7C6A3 /* Build configuration list for PBXProject "CaliforniaPrototype" */ = {
			isa = XCConfigurationList;
			buildConfigurations = (
				9CE3C2E81E5CF36B00B7C6A3 /* Debug */,
				9CE3C2E91E5CF36B00B7C6A3 /* Release */,
			);
			defaultConfigurationIsVisible = 0;
			defaultConfigurationName = Release;
		};
		9CE3C2EA1E5CF36B00B7C6A3 /* Build configuration list for PBXNativeTarget "CaliforniaPrototype" */ = {
			isa = XCConfigurationList;
			buildConfigurations = (
				9CE3C2EB1E5CF36B00B7C6A3 /* Debug */,
				9CE3C2EC1E5CF36B00B7C6A3 /* Release */,
			);
			defaultConfigurationIsVisible = 0;
			defaultConfigurationName = Release;
		};
/* End XCConfigurationList section */
	};
	rootObject = 9CE3C2D01E5CF36B00B7C6A3 /* Project object */;
}
